
Microsoft Visual Studio Solution File, Format Version 12.00
Project("{FAE04EC0-301F-11D3-BF4B-00C04F79EFBC}") = "Stocklify.AppHost", "Stocklify.AppHost\Stocklify.AppHost.csproj", "{4E1C19A2-ECA7-4E68-90E5-97E00AB1F379}"
EndProject
Project("{FAE04EC0-301F-11D3-BF4B-00C04F79EFBC}") = "Stocklify.Market", "Stocklify.Market\Stocklify.Market.csproj", "{B7878304-2708-4CB3-A475-1AC06923C55F}"
EndProject
Global
	GlobalSection(SolutionConfigurationPlatforms) = preSolution
		Debug|Any CPU = Debug|Any CPU
		Release|Any CPU = Release|Any CPU
	EndGlobalSection
	GlobalSection(ProjectConfigurationPlatforms) = postSolution
		{4E1C19A2-ECA7-4E68-90E5-97E00AB1F379}.Debug|Any CPU.ActiveCfg = Debug|Any CPU
		{4E1C19A2-ECA7-4E68-90E5-97E00AB1F379}.Debug|Any CPU.Build.0 = Debug|Any CPU
		{4E1C19A2-ECA7-4E68-90E5-97E00AB1F379}.Release|Any CPU.ActiveCfg = Release|Any CPU
		{4E1C19A2-ECA7-4E68-90E5-97E00AB1F379}.Release|Any CPU.Build.0 = Release|Any CPU
		{B7878304-2708-4CB3-A475-1AC06923C55F}.Debug|Any CPU.ActiveCfg = Debug|Any CPU
		{B7878304-2708-4CB3-A475-1AC06923C55F}.Debug|Any CPU.Build.0 = Debug|Any CPU
		{B7878304-2708-4CB3-A475-1AC06923C55F}.Release|Any CPU.ActiveCfg = Release|Any CPU
		{B7878304-2708-4CB3-A475-1AC06923C55F}.Release|Any CPU.Build.0 = Release|Any CPU
	EndGlobalSection
EndGlobal
